// !$*UTF8*$!
{
	archiveVersion = 1;
	classes = {
	};
	objectVersion = 56;
	objects = {

/* Begin PBXBuildFile section */
		E01E0E3A2B1C5DE100F3544F /* DailyFoodListController.swift in Sources */ = {isa = PBXBuildFile; fileRef = E01E0E392B1C5DE100F3544F /* DailyFoodListController.swift */; };
		E076091B2ADC274700FA581F /* AppDelegate.swift in Sources */ = {isa = PBXBuildFile; fileRef = E076091A2ADC274700FA581F /* AppDelegate.swift */; };
		E076091D2ADC274700FA581F /* SceneDelegate.swift in Sources */ = {isa = PBXBuildFile; fileRef = E076091C2ADC274700FA581F /* SceneDelegate.swift */; };
		E076091F2ADC274700FA581F /* ViewController.swift in Sources */ = {isa = PBXBuildFile; fileRef = E076091E2ADC274700FA581F /* ViewController.swift */; };
		E07609222ADC274700FA581F /* Main.storyboard in Resources */ = {isa = PBXBuildFile; fileRef = E07609202ADC274700FA581F /* Main.storyboard */; };
		E07609242ADC274900FA581F /* Assets.xcassets in Resources */ = {isa = PBXBuildFile; fileRef = E07609232ADC274900FA581F /* Assets.xcassets */; };
		E07609272ADC274900FA581F /* LaunchScreen.storyboard in Resources */ = {isa = PBXBuildFile; fileRef = E07609252ADC274900FA581F /* LaunchScreen.storyboard */; };
		E07609322ADC274900FA581F /* Daily_Fitness_IT_315Tests.swift in Sources */ = {isa = PBXBuildFile; fileRef = E07609312ADC274900FA581F /* Daily_Fitness_IT_315Tests.swift */; };
		E076093C2ADC274900FA581F /* Daily_Fitness_IT_315UITests.swift in Sources */ = {isa = PBXBuildFile; fileRef = E076093B2ADC274900FA581F /* Daily_Fitness_IT_315UITests.swift */; };
		E076093E2ADC274900FA581F /* Daily_Fitness_IT_315UITestsLaunchTests.swift in Sources */ = {isa = PBXBuildFile; fileRef = E076093D2ADC274900FA581F /* Daily_Fitness_IT_315UITestsLaunchTests.swift */; };
		E076094B2ADC637900FA581F /* Fitness.swift in Sources */ = {isa = PBXBuildFile; fileRef = E076094A2ADC637900FA581F /* Fitness.swift */; };
		E0B7893A2ADCF9BC0083CC79 /* test.jpeg in Resources */ = {isa = PBXBuildFile; fileRef = E0B789392ADCF9BC0083CC79 /* test.jpeg */; };
		E0B7893C2ADCF9D30083CC79 /* GlutenFree.jpeg in Resources */ = {isa = PBXBuildFile; fileRef = E0B7893B2ADCF9D30083CC79 /* GlutenFree.jpeg */; };
		E0B7893E2ADCF9DF0083CC79 /* Vegan.jpeg in Resources */ = {isa = PBXBuildFile; fileRef = E0B7893D2ADCF9DF0083CC79 /* Vegan.jpeg */; };
		E0B789402ADCF9E30083CC79 /* Vegetarian.jpeg in Resources */ = {isa = PBXBuildFile; fileRef = E0B7893F2ADCF9E30083CC79 /* Vegetarian.jpeg */; };
		E0B789422ADCF9E80083CC79 /* NonVeg.jpeg in Resources */ = {isa = PBXBuildFile; fileRef = E0B789412ADCF9E80083CC79 /* NonVeg.jpeg */; };
		E0B789442ADCF9EB0083CC79 /* Pescatarian.jpeg in Resources */ = {isa = PBXBuildFile; fileRef = E0B789432ADCF9EB0083CC79 /* Pescatarian.jpeg */; };
		E0B789462ADCFA170083CC79 /* sound.mp3 in Resources */ = {isa = PBXBuildFile; fileRef = E0B789452ADCFA170083CC79 /* sound.mp3 */; };
/* End PBXBuildFile section */

/* Begin PBXContainerItemProxy section */
		E076092E2ADC274900FA581F /* PBXContainerItemProxy */ = {
			isa = PBXContainerItemProxy;
			containerPortal = E076090F2ADC274700FA581F /* Project object */;
			proxyType = 1;
			remoteGlobalIDString = E07609162ADC274700FA581F;
			remoteInfo = "Daily Fitness IT 315";
		};
		E07609382ADC274900FA581F /* PBXContainerItemProxy */ = {
			isa = PBXContainerItemProxy;
			containerPortal = E076090F2ADC274700FA581F /* Project object */;
			proxyType = 1;
			remoteGlobalIDString = E07609162ADC274700FA581F;
			remoteInfo = "Daily Fitness IT 315";
		};
/* End PBXContainerItemProxy section */

/* Begin PBXFileReference section */
		E01E0E392B1C5DE100F3544F /* DailyFoodListController.swift */ = {isa = PBXFileReference; lastKnownFileType = sourcecode.swift; path = DailyFoodListController.swift; sourceTree = "<group>"; };
		E07609172ADC274700FA581F /* Daily Fitness IT 315.app */ = {isa = PBXFileReference; explicitFileType = wrapper.application; includeInIndex = 0; path = "Daily Fitness IT 315.app"; sourceTree = BUILT_PRODUCTS_DIR; };
		E076091A2ADC274700FA581F /* AppDelegate.swift */ = {isa = PBXFileReference; lastKnownFileType = sourcecode.swift; path = AppDelegate.swift; sourceTree = "<group>"; };
		E076091C2ADC274700FA581F /* SceneDelegate.swift */ = {isa = PBXFileReference; lastKnownFileType = sourcecode.swift; path = SceneDelegate.swift; sourceTree = "<group>"; };
		E076091E2ADC274700FA581F /* ViewController.swift */ = {isa = PBXFileReference; lastKnownFileType = sourcecode.swift; path = ViewController.swift; sourceTree = "<group>"; };
		E07609212ADC274700FA581F /* Base */ = {isa = PBXFileReference; lastKnownFileType = file.storyboard; name = Base; path = Base.lproj/Main.storyboard; sourceTree = "<group>"; };
		E07609232ADC274900FA581F /* Assets.xcassets */ = {isa = PBXFileReference; lastKnownFileType = folder.assetcatalog; path = Assets.xcassets; sourceTree = "<group>"; };
		E07609262ADC274900FA581F /* Base */ = {isa = PBXFileReference; lastKnownFileType = file.storyboard; name = Base; path = Base.lproj/LaunchScreen.storyboard; sourceTree = "<group>"; };
		E07609282ADC274900FA581F /* Info.plist */ = {isa = PBXFileReference; lastKnownFileType = text.plist.xml; path = Info.plist; sourceTree = "<group>"; };
		E076092D2ADC274900FA581F /* Daily Fitness IT 315Tests.xctest */ = {isa = PBXFileReference; explicitFileType = wrapper.cfbundle; includeInIndex = 0; path = "Daily Fitness IT 315Tests.xctest"; sourceTree = BUILT_PRODUCTS_DIR; };
		E07609312ADC274900FA581F /* Daily_Fitness_IT_315Tests.swift */ = {isa = PBXFileReference; lastKnownFileType = sourcecode.swift; path = Daily_Fitness_IT_315Tests.swift; sourceTree = "<group>"; };
		E07609372ADC274900FA581F /* Daily Fitness IT 315UITests.xctest */ = {isa = PBXFileReference; explicitFileType = wrapper.cfbundle; includeInIndex = 0; path = "Daily Fitness IT 315UITests.xctest"; sourceTree = BUILT_PRODUCTS_DIR; };
		E076093B2ADC274900FA581F /* Daily_Fitness_IT_315UITests.swift */ = {isa = PBXFileReference; lastKnownFileType = sourcecode.swift; path = Daily_Fitness_IT_315UITests.swift; sourceTree = "<group>"; };
		E076093D2ADC274900FA581F /* Daily_Fitness_IT_315UITestsLaunchTests.swift */ = {isa = PBXFileReference; lastKnownFileType = sourcecode.swift; path = Daily_Fitness_IT_315UITestsLaunchTests.swift; sourceTree = "<group>"; };
		E076094A2ADC637900FA581F /* Fitness.swift */ = {isa = PBXFileReference; lastKnownFileType = sourcecode.swift; path = Fitness.swift; sourceTree = "<group>"; };
		E0B789392ADCF9BC0083CC79 /* test.jpeg */ = {isa = PBXFileReference; lastKnownFileType = image.jpeg; path = test.jpeg; sourceTree = "<group>"; };
		E0B7893B2ADCF9D30083CC79 /* GlutenFree.jpeg */ = {isa = PBXFileReference; lastKnownFileType = image.jpeg; path = GlutenFree.jpeg; sourceTree = "<group>"; };
		E0B7893D2ADCF9DF0083CC79 /* Vegan.jpeg */ = {isa = PBXFileReference; lastKnownFileType = image.jpeg; path = Vegan.jpeg; sourceTree = "<group>"; };
		E0B7893F2ADCF9E30083CC79 /* Vegetarian.jpeg */ = {isa = PBXFileReference; lastKnownFileType = image.jpeg; path = Vegetarian.jpeg; sourceTree = "<group>"; };
		E0B789412ADCF9E80083CC79 /* NonVeg.jpeg */ = {isa = PBXFileReference; lastKnownFileType = image.jpeg; path = NonVeg.jpeg; sourceTree = "<group>"; };
		E0B789432ADCF9EB0083CC79 /* Pescatarian.jpeg */ = {isa = PBXFileReference; lastKnownFileType = image.jpeg; path = Pescatarian.jpeg; sourceTree = "<group>"; };
		E0B789452ADCFA170083CC79 /* sound.mp3 */ = {isa = PBXFileReference; lastKnownFileType = audio.mp3; path = sound.mp3; sourceTree = "<group>"; };
/* End PBXFileReference section */

/* Begin PBXFrameworksBuildPhase section */
		E07609142ADC274700FA581F /* Frameworks */ = {
			isa = PBXFrameworksBuildPhase;
			buildActionMask = 2147483647;
			files = (
			);
			runOnlyForDeploymentPostprocessing = 0;
		};
		E076092A2ADC274900FA581F /* Frameworks */ = {
			isa = PBXFrameworksBuildPhase;
			buildActionMask = 2147483647;
			files = (
			);
			runOnlyForDeploymentPostprocessing = 0;
		};
		E07609342ADC274900FA581F /* Frameworks */ = {
			isa = PBXFrameworksBuildPhase;
			buildActionMask = 2147483647;
			files = (
			);
			runOnlyForDeploymentPostprocessing = 0;
		};
/* End PBXFrameworksBuildPhase section */

/* Begin PBXGroup section */
		E076090E2ADC274700FA581F = {
			isa = PBXGroup;
			children = (
				E07609192ADC274700FA581F /* Daily Fitness IT 315 */,
				E07609302ADC274900FA581F /* Daily Fitness IT 315Tests */,
				E076093A2ADC274900FA581F /* Daily Fitness IT 315UITests */,
				E07609182ADC274700FA581F /* Products */,
			);
			sourceTree = "<group>";
		};
		E07609182ADC274700FA581F /* Products */ = {
			isa = PBXGroup;
			children = (
				E07609172ADC274700FA581F /* Daily Fitness IT 315.app */,
				E076092D2ADC274900FA581F /* Daily Fitness IT 315Tests.xctest */,
				E07609372ADC274900FA581F /* Daily Fitness IT 315UITests.xctest */,
			);
			name = Products;
			sourceTree = "<group>";
		};
		E07609192ADC274700FA581F /* Daily Fitness IT 315 */ = {
			isa = PBXGroup;
			children = (
				E0B7893F2ADCF9E30083CC79 /* Vegetarian.jpeg */,
				E0B789412ADCF9E80083CC79 /* NonVeg.jpeg */,
				E0B7893D2ADCF9DF0083CC79 /* Vegan.jpeg */,
				E0B789452ADCFA170083CC79 /* sound.mp3 */,
				E0B7893B2ADCF9D30083CC79 /* GlutenFree.jpeg */,
				E0B789432ADCF9EB0083CC79 /* Pescatarian.jpeg */,
				E0B789392ADCF9BC0083CC79 /* test.jpeg */,
				E076091A2ADC274700FA581F /* AppDelegate.swift */,
				E01E0E392B1C5DE100F3544F /* DailyFoodListController.swift */,
				E076091C2ADC274700FA581F /* SceneDelegate.swift */,
				E076091E2ADC274700FA581F /* ViewController.swift */,
				E07609202ADC274700FA581F /* Main.storyboard */,
				E07609232ADC274900FA581F /* Assets.xcassets */,
				E07609252ADC274900FA581F /* LaunchScreen.storyboard */,
				E07609282ADC274900FA581F /* Info.plist */,
				E076094A2ADC637900FA581F /* Fitness.swift */,
			);
			path = "Daily Fitness IT 315";
			sourceTree = "<group>";
		};
		E07609302ADC274900FA581F /* Daily Fitness IT 315Tests */ = {
			isa = PBXGroup;
			children = (
				E07609312ADC274900FA581F /* Daily_Fitness_IT_315Tests.swift */,
			);
			path = "Daily Fitness IT 315Tests";
			sourceTree = "<group>";
		};
		E076093A2ADC274900FA581F /* Daily Fitness IT 315UITests */ = {
			isa = PBXGroup;
			children = (
				E076093B2ADC274900FA581F /* Daily_Fitness_IT_315UITests.swift */,
				E076093D2ADC274900FA581F /* Daily_Fitness_IT_315UITestsLaunchTests.swift */,
			);
			path = "Daily Fitness IT 315UITests";
			sourceTree = "<group>";
		};
/* End PBXGroup section */

/* Begin PBXNativeTarget section */
		E07609162ADC274700FA581F /* Daily Fitness IT 315 */ = {
			isa = PBXNativeTarget;
			buildConfigurationList = E07609412ADC274900FA581F /* Build configuration list for PBXNativeTarget "Daily Fitness IT 315" */;
			buildPhases = (
				E07609132ADC274700FA581F /* Sources */,
				E07609142ADC274700FA581F /* Frameworks */,
				E07609152ADC274700FA581F /* Resources */,
			);
			buildRules = (
			);
			dependencies = (
			);
			name = "Daily Fitness IT 315";
			productName = "Daily Fitness IT 315";
			productReference = E07609172ADC274700FA581F /* Daily Fitness IT 315.app */;
			productType = "com.apple.product-type.application";
		};
		E076092C2ADC274900FA581F /* Daily Fitness IT 315Tests */ = {
			isa = PBXNativeTarget;
			buildConfigurationList = E07609442ADC274900FA581F /* Build configuration list for PBXNativeTarget "Daily Fitness IT 315Tests" */;
			buildPhases = (
				E07609292ADC274900FA581F /* Sources */,
				E076092A2ADC274900FA581F /* Frameworks */,
				E076092B2ADC274900FA581F /* Resources */,
			);
			buildRules = (
			);
			dependencies = (
				E076092F2ADC274900FA581F /* PBXTargetDependency */,
			);
			name = "Daily Fitness IT 315Tests";
			productName = "Daily Fitness IT 315Tests";
			productReference = E076092D2ADC274900FA581F /* Daily Fitness IT 315Tests.xctest */;
			productType = "com.apple.product-type.bundle.unit-test";
		};
		E07609362ADC274900FA581F /* Daily Fitness IT 315UITests */ = {
			isa = PBXNativeTarget;
			buildConfigurationList = E07609472ADC274900FA581F /* Build configuration list for PBXNativeTarget "Daily Fitness IT 315UITests" */;
			buildPhases = (
				E07609332ADC274900FA581F /* Sources */,
				E07609342ADC274900FA581F /* Frameworks */,
				E07609352ADC274900FA581F /* Resources */,
			);
			buildRules = (
			);
			dependencies = (
				E07609392ADC274900FA581F /* PBXTargetDependency */,
			);
			name = "Daily Fitness IT 315UITests";
			productName = "Daily Fitness IT 315UITests";
			productReference = E07609372ADC274900FA581F /* Daily Fitness IT 315UITests.xctest */;
			productType = "com.apple.product-type.bundle.ui-testing";
		};
/* End PBXNativeTarget section */

/* Begin PBXProject section */
		E076090F2ADC274700FA581F /* Project object */ = {
			isa = PBXProject;
			attributes = {
				BuildIndependentTargetsInParallel = 1;
				LastSwiftUpdateCheck = 1500;
				LastUpgradeCheck = 1500;
				TargetAttributes = {
					E07609162ADC274700FA581F = {
						CreatedOnToolsVersion = 15.0;
					};
					E076092C2ADC274900FA581F = {
						CreatedOnToolsVersion = 15.0;
						TestTargetID = E07609162ADC274700FA581F;
					};
					E07609362ADC274900FA581F = {
						CreatedOnToolsVersion = 15.0;
						TestTargetID = E07609162ADC274700FA581F;
					};
				};
			};
			buildConfigurationList = E07609122ADC274700FA581F /* Build configuration list for PBXProject "Daily Fitness IT 315" */;
			compatibilityVersion = "Xcode 14.0";
			developmentRegion = en;
			hasScannedForEncodings = 0;
			knownRegions = (
				en,
				Base,
			);
			mainGroup = E076090E2ADC274700FA581F;
			productRefGroup = E07609182ADC274700FA581F /* Products */;
			projectDirPath = "";
			projectRoot = "";
			targets = (
				E07609162ADC274700FA581F /* Daily Fitness IT 315 */,
				E076092C2ADC274900FA581F /* Daily Fitness IT 315Tests */,
				E07609362ADC274900FA581F /* Daily Fitness IT 315UITests */,
			);
		};
/* End PBXProject section */

/* Begin PBXResourcesBuildPhase section */
		E07609152ADC274700FA581F /* Resources */ = {
			isa = PBXResourcesBuildPhase;
			buildActionMask = 2147483647;
			files = (
				E0B7893C2ADCF9D30083CC79 /* GlutenFree.jpeg in Resources */,
				E0B7893E2ADCF9DF0083CC79 /* Vegan.jpeg in Resources */,
				E07609272ADC274900FA581F /* LaunchScreen.storyboard in Resources */,
				E0B789462ADCFA170083CC79 /* sound.mp3 in Resources */,
				E07609242ADC274900FA581F /* Assets.xcassets in Resources */,
				E0B7893A2ADCF9BC0083CC79 /* test.jpeg in Resources */,
				E07609222ADC274700FA581F /* Main.storyboard in Resources */,
				E0B789402ADCF9E30083CC79 /* Vegetarian.jpeg in Resources */,
				E0B789442ADCF9EB0083CC79 /* Pescatarian.jpeg in Resources */,
				E0B789422ADCF9E80083CC79 /* NonVeg.jpeg in Resources */,
			);
			runOnlyForDeploymentPostprocessing = 0;
		};
		E076092B2ADC274900FA581F /* Resources */ = {
			isa = PBXResourcesBuildPhase;
			buildActionMask = 2147483647;
			files = (
			);
			runOnlyForDeploymentPostprocessing = 0;
		};
		E07609352ADC274900FA581F /* Resources */ = {
			isa = PBXResourcesBuildPhase;
			buildActionMask = 2147483647;
			files = (
			);
			runOnlyForDeploymentPostprocessing = 0;
		};
/* End PBXResourcesBuildPhase section */

/* Begin PBXSourcesBuildPhase section */
		E07609132ADC274700FA581F /* Sources */ = {
			isa = PBXSourcesBuildPhase;
			buildActionMask = 2147483647;
			files = (
				E01E0E3A2B1C5DE100F3544F /* DailyFoodListController.swift in Sources */,
				E076094B2ADC637900FA581F /* Fitness.swift in Sources */,
				E076091F2ADC274700FA581F /* ViewController.swift in Sources */,
				E076091B2ADC274700FA581F /* AppDelegate.swift in Sources */,
				E076091D2ADC274700FA581F /* SceneDelegate.swift in Sources */,
			);
			runOnlyForDeploymentPostprocessing = 0;
		};
		E07609292ADC274900FA581F /* Sources */ = {
			isa = PBXSourcesBuildPhase;
			buildActionMask = 2147483647;
			files = (
				E07609322ADC274900FA581F /* Daily_Fitness_IT_315Tests.swift in Sources */,
			);
			runOnlyForDeploymentPostprocessing = 0;
		};
		E07609332ADC274900FA581F /* Sources */ = {
			isa = PBXSourcesBuildPhase;
			buildActionMask = 2147483647;
			files = (
				E076093E2ADC274900FA581F /* Daily_Fitness_IT_315UITestsLaunchTests.swift in Sources */,
				E076093C2ADC274900FA581F /* Daily_Fitness_IT_315UITests.swift in Sources */,
			);
			runOnlyForDeploymentPostprocessing = 0;
		};
/* End PBXSourcesBuildPhase section */

/* Begin PBXTargetDependency section */
		E076092F2ADC274900FA581F /* PBXTargetDependency */ = {
			isa = PBXTargetDependency;
			target = E07609162ADC274700FA581F /* Daily Fitness IT 315 */;
			targetProxy = E076092E2ADC274900FA581F /* PBXContainerItemProxy */;
		};
		E07609392ADC274900FA581F /* PBXTargetDependency */ = {
			isa = PBXTargetDependency;
			target = E07609162ADC274700FA581F /* Daily Fitness IT 315 */;
			targetProxy = E07609382ADC274900FA581F /* PBXContainerItemProxy */;
		};
/* End PBXTargetDependency section */

/* Begin PBXVariantGroup section */
		E07609202ADC274700FA581F /* Main.storyboard */ = {
			isa = PBXVariantGroup;
			children = (
				E07609212ADC274700FA581F /* Base */,
			);
			name = Main.storyboard;
			sourceTree = "<group>";
		};
		E07609252ADC274900FA581F /* LaunchScreen.storyboard */ = {
			isa = PBXVariantGroup;
			children = (
				E07609262ADC274900FA581F /* Base */,
			);
			name = LaunchScreen.storyboard;
			sourceTree = "<group>";
		};
/* End PBXVariantGroup section */

/* Begin XCBuildConfiguration section */
		E076093F2ADC274900FA581F /* Debug */ = {
			isa = XCBuildConfiguration;
			buildSettings = {
				ALWAYS_SEARCH_USER_PATHS = NO;
				ASSETCATALOG_COMPILER_GENERATE_SWIFT_ASSET_SYMBOL_EXTENSIONS = YES;
				CLANG_ANALYZER_NONNULL = YES;
				CLANG_ANALYZER_NUMBER_OBJECT_CONVERSION = YES_AGGRESSIVE;
				CLANG_CXX_LANGUAGE_STANDARD = "gnu++20";
				CLANG_ENABLE_MODULES = YES;
				CLANG_ENABLE_OBJC_ARC = YES;
				CLANG_ENABLE_OBJC_WEAK = YES;
				CLANG_WARN_BLOCK_CAPTURE_AUTORELEASING = YES;
				CLANG_WARN_BOOL_CONVERSION = YES;
				CLANG_WARN_COMMA = YES;
				CLANG_WARN_CONSTANT_CONVERSION = YES;
				CLANG_WARN_DEPRECATED_OBJC_IMPLEMENTATIONS = YES;
				CLANG_WARN_DIRECT_OBJC_ISA_USAGE = YES_ERROR;
				CLANG_WARN_DOCUMENTATION_COMMENTS = YES;
				CLANG_WARN_EMPTY_BODY = YES;
				CLANG_WARN_ENUM_CONVERSION = YES;
				CLANG_WARN_INFINITE_RECURSION = YES;
				CLANG_WARN_INT_CONVERSION = YES;
				CLANG_WARN_NON_LITERAL_NULL_CONVERSION = YES;
				CLANG_WARN_OBJC_IMPLICIT_RETAIN_SELF = YES;
				CLANG_WARN_OBJC_LITERAL_CONVERSION = YES;
				CLANG_WARN_OBJC_ROOT_CLASS = YES_ERROR;
				CLANG_WARN_QUOTED_INCLUDE_IN_FRAMEWORK_HEADER = YES;
				CLANG_WARN_RANGE_LOOP_ANALYSIS = YES;
				CLANG_WARN_STRICT_PROTOTYPES = YES;
				CLANG_WARN_SUSPICIOUS_MOVE = YES;
				CLANG_WARN_UNGUARDED_AVAILABILITY = YES_AGGRESSIVE;
				CLANG_WARN_UNREACHABLE_CODE = YES;
				CLANG_WARN__DUPLICATE_METHOD_MATCH = YES;
				COPY_PHASE_STRIP = NO;
				DEBUG_INFORMATION_FORMAT = dwarf;
				ENABLE_STRICT_OBJC_MSGSEND = YES;
				ENABLE_TESTABILITY = YES;
				ENABLE_USER_SCRIPT_SANDBOXING = YES;
				GCC_C_LANGUAGE_STANDARD = gnu17;
				GCC_DYNAMIC_NO_PIC = NO;
				GCC_NO_COMMON_BLOCKS = YES;
				GCC_OPTIMIZATION_LEVEL = 0;
				GCC_PREPROCESSOR_DEFINITIONS = (
					"DEBUG=1",
					"$(inherited)",
				);
				GCC_WARN_64_TO_32_BIT_CONVERSION = YES;
				GCC_WARN_ABOUT_RETURN_TYPE = YES_ERROR;
				GCC_WARN_UNDECLARED_SELECTOR = YES;
				GCC_WARN_UNINITIALIZED_AUTOS = YES_AGGRESSIVE;
				GCC_WARN_UNUSED_FUNCTION = YES;
				GCC_WARN_UNUSED_VARIABLE = YES;
				IPHONEOS_DEPLOYMENT_TARGET = 17.0;
				LOCALIZATION_PREFERS_STRING_CATALOGS = YES;
				MTL_ENABLE_DEBUG_INFO = INCLUDE_SOURCE;
				MTL_FAST_MATH = YES;
				ONLY_ACTIVE_ARCH = YES;
				SDKROOT = iphoneos;
				SWIFT_ACTIVE_COMPILATION_CONDITIONS = "DEBUG $(inherited)";
				SWIFT_OPTIMIZATION_LEVEL = "-Onone";
			};
			name = Debug;
		};
		E07609402ADC274900FA581F /* Release */ = {
			isa = XCBuildConfiguration;
			buildSettings = {
				ALWAYS_SEARCH_USER_PATHS = NO;
				ASSETCATALOG_COMPILER_GENERATE_SWIFT_ASSET_SYMBOL_EXTENSIONS = YES;
				CLANG_ANALYZER_NONNULL = YES;
				CLANG_ANALYZER_NUMBER_OBJECT_CONVERSION = YES_AGGRESSIVE;
				CLANG_CXX_LANGUAGE_STANDARD = "gnu++20";
				CLANG_ENABLE_MODULES = YES;
				CLANG_ENABLE_OBJC_ARC = YES;
				CLANG_ENABLE_OBJC_WEAK = YES;
				CLANG_WARN_BLOCK_CAPTURE_AUTORELEASING = YES;
				CLANG_WARN_BOOL_CONVERSION = YES;
				CLANG_WARN_COMMA = YES;
				CLANG_WARN_CONSTANT_CONVERSION = YES;
				CLANG_WARN_DEPRECATED_OBJC_IMPLEMENTATIONS = YES;
				CLANG_WARN_DIRECT_OBJC_ISA_USAGE = YES_ERROR;
				CLANG_WARN_DOCUMENTATION_COMMENTS = YES;
				CLANG_WARN_EMPTY_BODY = YES;
				CLANG_WARN_ENUM_CONVERSION = YES;
				CLANG_WARN_INFINITE_RECURSION = YES;
				CLANG_WARN_INT_CONVERSION = YES;
				CLANG_WARN_NON_LITERAL_NULL_CONVERSION = YES;
				CLANG_WARN_OBJC_IMPLICIT_RETAIN_SELF = YES;
				CLANG_WARN_OBJC_LITERAL_CONVERSION = YES;
				CLANG_WARN_OBJC_ROOT_CLASS = YES_ERROR;
				CLANG_WARN_QUOTED_INCLUDE_IN_FRAMEWORK_HEADER = YES;
				CLANG_WARN_RANGE_LOOP_ANALYSIS = YES;
				CLANG_WARN_STRICT_PROTOTYPES = YES;
				CLANG_WARN_SUSPICIOUS_MOVE = YES;
				CLANG_WARN_UNGUARDED_AVAILABILITY = YES_AGGRESSIVE;
				CLANG_WARN_UNREACHABLE_CODE = YES;
				CLANG_WARN__DUPLICATE_METHOD_MATCH = YES;
				COPY_PHASE_STRIP = NO;
				DEBUG_INFORMATION_FORMAT = "dwarf-with-dsym";
				ENABLE_NS_ASSERTIONS = NO;
				ENABLE_STRICT_OBJC_MSGSEND = YES;
				ENABLE_USER_SCRIPT_SANDBOXING = YES;
				GCC_C_LANGUAGE_STANDARD = gnu17;
				GCC_NO_COMMON_BLOCKS = YES;
				GCC_WARN_64_TO_32_BIT_CONVERSION = YES;
				GCC_WARN_ABOUT_RETURN_TYPE = YES_ERROR;
				GCC_WARN_UNDECLARED_SELECTOR = YES;
				GCC_WARN_UNINITIALIZED_AUTOS = YES_AGGRESSIVE;
				GCC_WARN_UNUSED_FUNCTION = YES;
				GCC_WARN_UNUSED_VARIABLE = YES;
				IPHONEOS_DEPLOYMENT_TARGET = 17.0;
				LOCALIZATION_PREFERS_STRING_CATALOGS = YES;
				MTL_ENABLE_DEBUG_INFO = NO;
				MTL_FAST_MATH = YES;
				SDKROOT = iphoneos;
				SWIFT_COMPILATION_MODE = wholemodule;
				VALIDATE_PRODUCT = YES;
			};
			name = Release;
		};
		E07609422ADC274900FA581F /* Debug */ = {
			isa = XCBuildConfiguration;
			buildSettings = {
				ASSETCATALOG_COMPILER_APPICON_NAME = AppIcon;
				ASSETCATALOG_COMPILER_GLOBAL_ACCENT_COLOR_NAME = AccentColor;
				CODE_SIGN_STYLE = Automatic;
				CURRENT_PROJECT_VERSION = 1;
				GENERATE_INFOPLIST_FILE = YES;
				INFOPLIST_FILE = "Daily Fitness IT 315/Info.plist";
				INFOPLIST_KEY_UIApplicationSupportsIndirectInputEvents = YES;
				INFOPLIST_KEY_UILaunchStoryboardName = LaunchScreen;
				INFOPLIST_KEY_UIMainStoryboardFile = Main;
				INFOPLIST_KEY_UISupportedInterfaceOrientations_iPad = "UIInterfaceOrientationPortrait UIInterfaceOrientationPortraitUpsideDown UIInterfaceOrientationLandscapeLeft UIInterfaceOrientationLandscapeRight";
				INFOPLIST_KEY_UISupportedInterfaceOrientations_iPhone = "UIInterfaceOrientationPortrait UIInterfaceOrientationLandscapeLeft UIInterfaceOrientationLandscapeRight";
				LD_RUNPATH_SEARCH_PATHS = (
					"$(inherited)",
					"@executable_path/Frameworks",
				);
				MARKETING_VERSION = 1.0;
				PRODUCT_BUNDLE_IDENTIFIER = "gmu.edu.Daily-Fitness-IT-315";
				PRODUCT_NAME = "$(TARGET_NAME)";
				SWIFT_EMIT_LOC_STRINGS = YES;
				SWIFT_VERSION = 5.0;
				TARGETED_DEVICE_FAMILY = "1,2";
			};
			name = Debug;
		};
		E07609432ADC274900FA581F /* Release */ = {
			isa = XCBuildConfiguration;
			buildSettings = {
				ASSETCATALOG_COMPILER_APPICON_NAME = AppIcon;
				ASSETCATALOG_COMPILER_GLOBAL_ACCENT_COLOR_NAME = AccentColor;
				CODE_SIGN_STYLE = Automatic;
				CURRENT_PROJECT_VERSION = 1;
				GENERATE_INFOPLIST_FILE = YES;
				INFOPLIST_FILE = "Daily Fitness IT 315/Info.plist";
				INFOPLIST_KEY_UIApplicationSupportsIndirectInputEvents = YES;
				INFOPLIST_KEY_UILaunchStoryboardName = LaunchScreen;
				INFOPLIST_KEY_UIMainStoryboardFile = Main;
				INFOPLIST_KEY_UISupportedInterfaceOrientations_iPad = "UIInterfaceOrientationPortrait UIInterfaceOrientationPortraitUpsideDown UIInterfaceOrientationLandscapeLeft UIInterfaceOrientationLandscapeRight";
				INFOPLIST_KEY_UISupportedInterfaceOrientations_iPhone = "UIInterfaceOrientationPortrait UIInterfaceOrientationLandscapeLeft UIInterfaceOrientationLandscapeRight";
				LD_RUNPATH_SEARCH_PATHS = (
					"$(inherited)",
					"@executable_path/Frameworks",
				);
				MARKETING_VERSION = 1.0;
				PRODUCT_BUNDLE_IDENTIFIER = "gmu.edu.Daily-Fitness-IT-315";
				PRODUCT_NAME = "$(TARGET_NAME)";
				SWIFT_EMIT_LOC_STRINGS = YES;
				SWIFT_VERSION = 5.0;
				TARGETED_DEVICE_FAMILY = "1,2";
			};
			name = Release;
		};
		E07609452ADC274900FA581F /* Debug */ = {
			isa = XCBuildConfiguration;
			buildSettings = {
				ALWAYS_EMBED_SWIFT_STANDARD_LIBRARIES = YES;
				BUNDLE_LOADER = "$(TEST_HOST)";
				CODE_SIGN_STYLE = Automatic;
				CURRENT_PROJECT_VERSION = 1;
				GENERATE_INFOPLIST_FILE = YES;
				IPHONEOS_DEPLOYMENT_TARGET = 17.0;
				MARKETING_VERSION = 1.0;
				PRODUCT_BUNDLE_IDENTIFIER = "gmu.edu.Daily-Fitness-IT-315Tests";
				PRODUCT_NAME = "$(TARGET_NAME)";
				SWIFT_EMIT_LOC_STRINGS = NO;
				SWIFT_VERSION = 5.0;
				TARGETED_DEVICE_FAMILY = "1,2";
				TEST_HOST = "$(BUILT_PRODUCTS_DIR)/Daily Fitness IT 315.app/$(BUNDLE_EXECUTABLE_FOLDER_PATH)/Daily Fitness IT 315";
			};
			name = Debug;
		};
		E07609462ADC274900FA581F /* Release */ = {
			isa = XCBuildConfiguration;
			buildSettings = {
				ALWAYS_EMBED_SWIFT_STANDARD_LIBRARIES = YES;
				BUNDLE_LOADER = "$(TEST_HOST)";
				CODE_SIGN_STYLE = Automatic;
				CURRENT_PROJECT_VERSION = 1;
				GENERATE_INFOPLIST_FILE = YES;
				IPHONEOS_DEPLOYMENT_TARGET = 17.0;
				MARKETING_VERSION = 1.0;
				PRODUCT_BUNDLE_IDENTIFIER = "gmu.edu.Daily-Fitness-IT-315Tests";
				PRODUCT_NAME = "$(TARGET_NAME)";
				SWIFT_EMIT_LOC_STRINGS = NO;
				SWIFT_VERSION = 5.0;
				TARGETED_DEVICE_FAMILY = "1,2";
				TEST_HOST = "$(BUILT_PRODUCTS_DIR)/Daily Fitness IT 315.app/$(BUNDLE_EXECUTABLE_FOLDER_PATH)/Daily Fitness IT 315";
			};
			name = Release;
		};
		E07609482ADC274900FA581F /* Debug */ = {
			isa = XCBuildConfiguration;
			buildSettings = {
				ALWAYS_EMBED_SWIFT_STANDARD_LIBRARIES = YES;
				CODE_SIGN_STYLE = Automatic;
				CURRENT_PROJECT_VERSION = 1;
				GENERATE_INFOPLIST_FILE = YES;
				MARKETING_VERSION = 1.0;
				PRODUCT_BUNDLE_IDENTIFIER = "gmu.edu.Daily-Fitness-IT-315UITests";
				PRODUCT_NAME = "$(TARGET_NAME)";
				SWIFT_EMIT_LOC_STRINGS = NO;
				SWIFT_VERSION = 5.0;
				TARGETED_DEVICE_FAMILY = "1,2";
				TEST_TARGET_NAME = "Daily Fitness IT 315";
			};
			name = Debug;
		};
		E07609492ADC274900FA581F /* Release */ = {
			isa = XCBuildConfiguration;
			buildSettings = {
				ALWAYS_EMBED_SWIFT_STANDARD_LIBRARIES = YES;
				CODE_SIGN_STYLE = Automatic;
				CURRENT_PROJECT_VERSION = 1;
				GENERATE_INFOPLIST_FILE = YES;
				MARKETING_VERSION = 1.0;
				PRODUCT_BUNDLE_IDENTIFIER = "gmu.edu.Daily-Fitness-IT-315UITests";
				PRODUCT_NAME = "$(TARGET_NAME)";
				SWIFT_EMIT_LOC_STRINGS = NO;
				SWIFT_VERSION = 5.0;
				TARGETED_DEVICE_FAMILY = "1,2";
				TEST_TARGET_NAME = "Daily Fitness IT 315";
			};
			name = Release;
		};
/* End XCBuildConfiguration section */

/* Begin XCConfigurationList section */
		E07609122ADC274700FA581F /* Build configuration list for PBXProject "Daily Fitness IT 315" */ = {
			isa = XCConfigurationList;
			buildConfigurations = (
				E076093F2ADC274900FA581F /* Debug */,
				E07609402ADC274900FA581F /* Release */,
			);
			defaultConfigurationIsVisible = 0;
			defaultConfigurationName = Release;
		};
		E07609412ADC274900FA581F /* Build configuration list for PBXNativeTarget "Daily Fitness IT 315" */ = {
			isa = XCConfigurationList;
			buildConfigurations = (
				E07609422ADC274900FA581F /* Debug */,
				E07609432ADC274900FA581F /* Release */,
			);
			defaultConfigurationIsVisible = 0;
			defaultConfigurationName = Release;
		};
		E07609442ADC274900FA581F /* Build configuration list for PBXNativeTarget "Daily Fitness IT 315Tests" */ = {
			isa = XCConfigurationList;
			buildConfigurations = (
				E07609452ADC274900FA581F /* Debug */,
				E07609462ADC274900FA581F /* Release */,
			);
			defaultConfigurationIsVisible = 0;
			defaultConfigurationName = Release;
		};
		E07609472ADC274900FA581F /* Build configuration list for PBXNativeTarget "Daily Fitness IT 315UITests" */ = {
			isa = XCConfigurationList;
			buildConfigurations = (
				E07609482ADC274900FA581F /* Debug */,
				E07609492ADC274900FA581F /* Release */,
			);
			defaultConfigurationIsVisible = 0;
			defaultConfigurationName = Release;
		};
/* End XCConfigurationList section */
	};
	rootObject = E076090F2ADC274700FA581F /* Project object */;
}
